// !$*UTF8*$!
{
	archiveVersion = 1;
	classes = {
	};
	objectVersion = 77;
	objects = {

/* Begin PBXBuildFile section */
		62B0F4E22EE7304D00D5B337 /* README.md in Resources */ = {isa = PBXBuildFile; fileRef = 62B0F4E12EE7304D00D5B337 /* README.md */; };
/* End PBXBuildFile section */

/* Begin PBXContainerItemProxy section */
		627F063A2EE0D3DD0047CDD8 /* PBXContainerItemProxy */ = {
			isa = PBXContainerItemProxy;
			containerPortal = 627F06242EE0D3DC0047CDD8 /* Project object */;
			proxyType = 1;
			remoteGlobalIDString = 627F062B2EE0D3DC0047CDD8;
			remoteInfo = "Atlas Tracer";
		};
		627F06442EE0D3DD0047CDD8 /* PBXContainerItemProxy */ = {
			isa = PBXContainerItemProxy;
			containerPortal = 627F06242EE0D3DC0047CDD8 /* Project object */;
			proxyType = 1;
			remoteGlobalIDString = 627F062B2EE0D3DC0047CDD8;
			remoteInfo = "Atlas Tracer";
		};
/* End PBXContainerItemProxy section */

/* Begin PBXFileReference section */
		627F062C2EE0D3DC0047CDD8 /* Atlas Tracer.app */ = {isa = PBXFileReference; explicitFileType = wrapper.application; includeInIndex = 0; path = "Atlas Tracer.app"; sourceTree = BUILT_PRODUCTS_DIR; };
		627F06392EE0D3DD0047CDD8 /* Atlas TracerTests.xctest */ = {isa = PBXFileReference; explicitFileType = wrapper.cfbundle; includeInIndex = 0; path = "Atlas TracerTests.xctest"; sourceTree = BUILT_PRODUCTS_DIR; };
		627F06432EE0D3DD0047CDD8 /* Atlas TracerUITests.xctest */ = {isa = PBXFileReference; explicitFileType = wrapper.cfbundle; includeInIndex = 0; path = "Atlas TracerUITests.xctest"; sourceTree = BUILT_PRODUCTS_DIR; };
		62B0F4E12EE7304D00D5B337 /* README.md */ = {isa = PBXFileReference; lastKnownFileType = net.daringfireball.markdown; path = README.md; sourceTree = "<group>"; };
/* End PBXFileReference section */

/* Begin PBXFileSystemSynchronizedRootGroup section */
		627F062E2EE0D3DC0047CDD8 /* Atlas Tracer */ = {
			isa = PBXFileSystemSynchronizedRootGroup;
			path = "Atlas Tracer";
			sourceTree = "<group>";
		};
		627F063C2EE0D3DD0047CDD8 /* Atlas TracerTests */ = {
			isa = PBXFileSystemSynchronizedRootGroup;
			path = "Atlas TracerTests";
			sourceTree = "<group>";
		};
		627F06462EE0D3DD0047CDD8 /* Atlas TracerUITests */ = {
			isa = PBXFileSystemSynchronizedRootGroup;
			path = "Atlas TracerUITests";
			sourceTree = "<group>";
		};
/* End PBXFileSystemSynchronizedRootGroup section */

/* Begin PBXFrameworksBuildPhase section */
		627F06292EE0D3DC0047CDD8 /* Frameworks */ = {
			isa = PBXFrameworksBuildPhase;
			buildActionMask = 2147483647;
			files = (
			);
			runOnlyForDeploymentPostprocessing = 0;
		};
		627F06362EE0D3DD0047CDD8 /* Frameworks */ = {
			isa = PBXFrameworksBuildPhase;
			buildActionMask = 2147483647;
			files = (
			);
			runOnlyForDeploymentPostprocessing = 0;
		};
		627F06402EE0D3DD0047CDD8 /* Frameworks */ = {
			isa = PBXFrameworksBuildPhase;
			buildActionMask = 2147483647;
			files = (
			);
			runOnlyForDeploymentPostprocessing = 0;
		};
/* End PBXFrameworksBuildPhase section */

/* Begin PBXGroup section */
		627F06232EE0D3DC0047CDD8 = {
			isa = PBXGroup;
			children = (
				62B0F4E12EE7304D00D5B337 /* README.md */,
				627F062E2EE0D3DC0047CDD8 /* Atlas Tracer */,
				627F063C2EE0D3DD0047CDD8 /* Atlas TracerTests */,
				627F06462EE0D3DD0047CDD8 /* Atlas TracerUITests */,
				627F062D2EE0D3DC0047CDD8 /* Products */,
			);
			sourceTree = "<group>";
		};
		627F062D2EE0D3DC0047CDD8 /* Products */ = {
			isa = PBXGroup;
			children = (
				627F062C2EE0D3DC0047CDD8 /* Atlas Tracer.app */,
				627F06392EE0D3DD0047CDD8 /* Atlas TracerTests.xctest */,
				627F06432EE0D3DD0047CDD8 /* Atlas TracerUITests.xctest */,
			);
			name = Products;
			sourceTree = "<group>";
		};
/* End PBXGroup section */

/* Begin PBXNativeTarget section */
		627F062B2EE0D3DC0047CDD8 /* Atlas Tracer */ = {
			isa = PBXNativeTarget;
			buildConfigurationList = 627F064D2EE0D3DD0047CDD8 /* Build configuration list for PBXNativeTarget "Atlas Tracer" */;
			buildPhases = (
				627F06282EE0D3DC0047CDD8 /* Sources */,
				627F06292EE0D3DC0047CDD8 /* Frameworks */,
				627F062A2EE0D3DC0047CDD8 /* Resources */,
			);
			buildRules = (
			);
			dependencies = (
			);
			fileSystemSynchronizedGroups = (
				627F062E2EE0D3DC0047CDD8 /* Atlas Tracer */,
			);
			name = "Atlas Tracer";
			packageProductDependencies = (
			);
			productName = "Atlas Tracer";
			productReference = 627F062C2EE0D3DC0047CDD8 /* Atlas Tracer.app */;
			productType = "com.apple.product-type.application";
		};
		627F06382EE0D3DD0047CDD8 /* Atlas TracerTests */ = {
			isa = PBXNativeTarget;
			buildConfigurationList = 627F06502EE0D3DD0047CDD8 /* Build configuration list for PBXNativeTarget "Atlas TracerTests" */;
			buildPhases = (
				627F06352EE0D3DD0047CDD8 /* Sources */,
				627F06362EE0D3DD0047CDD8 /* Frameworks */,
				627F06372EE0D3DD0047CDD8 /* Resources */,
			);
			buildRules = (
			);
			dependencies = (
				627F063B2EE0D3DD0047CDD8 /* PBXTargetDependency */,
			);
			fileSystemSynchronizedGroups = (
				627F063C2EE0D3DD0047CDD8 /* Atlas TracerTests */,
			);
			name = "Atlas TracerTests";
			packageProductDependencies = (
			);
			productName = "Atlas TracerTests";
			productReference = 627F06392EE0D3DD0047CDD8 /* Atlas TracerTests.xctest */;
			productType = "com.apple.product-type.bundle.unit-test";
		};
		627F06422EE0D3DD0047CDD8 /* Atlas TracerUITests */ = {
			isa = PBXNativeTarget;
			buildConfigurationList = 627F06532EE0D3DD0047CDD8 /* Build configuration list for PBXNativeTarget "Atlas TracerUITests" */;
			buildPhases = (
				627F063F2EE0D3DD0047CDD8 /* Sources */,
				627F06402EE0D3DD0047CDD8 /* Frameworks */,
				627F06412EE0D3DD0047CDD8 /* Resources */,
			);
			buildRules = (
			);
			dependencies = (
				627F06452EE0D3DD0047CDD8 /* PBXTargetDependency */,
			);
			fileSystemSynchronizedGroups = (
				627F06462EE0D3DD0047CDD8 /* Atlas TracerUITests */,
			);
			name = "Atlas TracerUITests";
			packageProductDependencies = (
			);
			productName = "Atlas TracerUITests";
			productReference = 627F06432EE0D3DD0047CDD8 /* Atlas TracerUITests.xctest */;
			productType = "com.apple.product-type.bundle.ui-testing";
		};
/* End PBXNativeTarget section */

/* Begin PBXProject section */
		627F06242EE0D3DC0047CDD8 /* Project object */ = {
			isa = PBXProject;
			attributes = {
				BuildIndependentTargetsInParallel = 1;
				LastSwiftUpdateCheck = 2610;
				LastUpgradeCheck = 2610;
				TargetAttributes = {
					627F062B2EE0D3DC0047CDD8 = {
						CreatedOnToolsVersion = 26.1.1;
					};
					627F06382EE0D3DD0047CDD8 = {
						CreatedOnToolsVersion = 26.1.1;
						TestTargetID = 627F062B2EE0D3DC0047CDD8;
					};
					627F06422EE0D3DD0047CDD8 = {
						CreatedOnToolsVersion = 26.1.1;
						TestTargetID = 627F062B2EE0D3DC0047CDD8;
					};
				};
			};
			buildConfigurationList = 627F06272EE0D3DC0047CDD8 /* Build configuration list for PBXProject "Atlas Tracer" */;
			developmentRegion = en;
			hasScannedForEncodings = 0;
			knownRegions = (
				en,
				Base,
			);
			mainGroup = 627F06232EE0D3DC0047CDD8;
			minimizedProjectReferenceProxies = 1;
			preferredProjectObjectVersion = 77;
			productRefGroup = 627F062D2EE0D3DC0047CDD8 /* Products */;
			projectDirPath = "";
			projectRoot = "";
			targets = (
				627F062B2EE0D3DC0047CDD8 /* Atlas Tracer */,
				627F06382EE0D3DD0047CDD8 /* Atlas TracerTests */,
				627F06422EE0D3DD0047CDD8 /* Atlas TracerUITests */,
			);
		};
/* End PBXProject section */

/* Begin PBXResourcesBuildPhase section */
		627F062A2EE0D3DC0047CDD8 /* Resources */ = {
			isa = PBXResourcesBuildPhase;
			buildActionMask = 2147483647;
			files = (
				62B0F4E22EE7304D00D5B337 /* README.md in Resources */,
			);
			runOnlyForDeploymentPostprocessing = 0;
		};
		627F06372EE0D3DD0047CDD8 /* Resources */ = {
			isa = PBXResourcesBuildPhase;
			buildActionMask = 2147483647;
			files = (
			);
			runOnlyForDeploymentPostprocessing = 0;
		};
		627F06412EE0D3DD0047CDD8 /* Resources */ = {
			isa = PBXResourcesBuildPhase;
			buildActionMask = 2147483647;
			files = (
			);
			runOnlyForDeploymentPostprocessing = 0;
		};
/* End PBXResourcesBuildPhase section */

/* Begin PBXSourcesBuildPhase section */
		627F06282EE0D3DC0047CDD8 /* Sources */ = {
			isa = PBXSourcesBuildPhase;
			buildActionMask = 2147483647;
			files = (
			);
			runOnlyForDeploymentPostprocessing = 0;
		};
		627F06352EE0D3DD0047CDD8 /* Sources */ = {
			isa = PBXSourcesBuildPhase;
			buildActionMask = 2147483647;
			files = (
			);
			runOnlyForDeploymentPostprocessing = 0;
		};
		627F063F2EE0D3DD0047CDD8 /* Sources */ = {
			isa = PBXSourcesBuildPhase;
			buildActionMask = 2147483647;
			files = (
			);
			runOnlyForDeploymentPostprocessing = 0;
		};
/* End PBXSourcesBuildPhase section */

/* Begin PBXTargetDependency section */
		627F063B2EE0D3DD0047CDD8 /* PBXTargetDependency */ = {
			isa = PBXTargetDependency;
			target = 627F062B2EE0D3DC0047CDD8 /* Atlas Tracer */;
			targetProxy = 627F063A2EE0D3DD0047CDD8 /* PBXContainerItemProxy */;
		};
		627F06452EE0D3DD0047CDD8 /* PBXTargetDependency */ = {
			isa = PBXTargetDependency;
			target = 627F062B2EE0D3DC0047CDD8 /* Atlas Tracer */;
			targetProxy = 627F06442EE0D3DD0047CDD8 /* PBXContainerItemProxy */;
		};
/* End PBXTargetDependency section */

/* Begin XCBuildConfiguration section */
		627F064B2EE0D3DD0047CDD8 /* Debug */ = {
			isa = XCBuildConfiguration;
			buildSettings = {
				ALWAYS_SEARCH_USER_PATHS = NO;
				ASSETCATALOG_COMPILER_GENERATE_SWIFT_ASSET_SYMBOL_EXTENSIONS = YES;
				CLANG_ANALYZER_NONNULL = YES;
				CLANG_ANALYZER_NUMBER_OBJECT_CONVERSION = YES_AGGRESSIVE;
				CLANG_CXX_LANGUAGE_STANDARD = "gnu++20";
				CLANG_ENABLE_MODULES = YES;
				CLANG_ENABLE_OBJC_ARC = YES;
				CLANG_ENABLE_OBJC_WEAK = YES;
				CLANG_WARN_BLOCK_CAPTURE_AUTORELEASING = YES;
				CLANG_WARN_BOOL_CONVERSION = YES;
				CLANG_WARN_COMMA = YES;
				CLANG_WARN_CONSTANT_CONVERSION = YES;
				CLANG_WARN_DEPRECATED_OBJC_IMPLEMENTATIONS = YES;
				CLANG_WARN_DIRECT_OBJC_ISA_USAGE = YES_ERROR;
				CLANG_WARN_DOCUMENTATION_COMMENTS = YES;
				CLANG_WARN_EMPTY_BODY = YES;
				CLANG_WARN_ENUM_CONVERSION = YES;
				CLANG_WARN_INFINITE_RECURSION = YES;
				CLANG_WARN_INT_CONVERSION = YES;
				CLANG_WARN_NON_LITERAL_NULL_CONVERSION = YES;
				CLANG_WARN_OBJC_IMPLICIT_RETAIN_SELF = YES;
				CLANG_WARN_OBJC_LITERAL_CONVERSION = YES;
				CLANG_WARN_OBJC_ROOT_CLASS = YES_ERROR;
				CLANG_WARN_QUOTED_INCLUDE_IN_FRAMEWORK_HEADER = YES;
				CLANG_WARN_RANGE_LOOP_ANALYSIS = YES;
				CLANG_WARN_STRICT_PROTOTYPES = YES;
				CLANG_WARN_SUSPICIOUS_MOVE = YES;
				CLANG_WARN_UNGUARDED_AVAILABILITY = YES_AGGRESSIVE;
				CLANG_WARN_UNREACHABLE_CODE = YES;
				CLANG_WARN__DUPLICATE_METHOD_MATCH = YES;
				COPY_PHASE_STRIP = NO;
				DEBUG_INFORMATION_FORMAT = dwarf;
				DEVELOPMENT_TEAM = R7W4NMR64S;
				ENABLE_STRICT_OBJC_MSGSEND = YES;
				ENABLE_TESTABILITY = YES;
				ENABLE_USER_SCRIPT_SANDBOXING = YES;
				GCC_C_LANGUAGE_STANDARD = gnu17;
				GCC_DYNAMIC_NO_PIC = NO;
				GCC_NO_COMMON_BLOCKS = YES;
				GCC_OPTIMIZATION_LEVEL = 0;
				GCC_PREPROCESSOR_DEFINITIONS = (
					"DEBUG=1",
					"$(inherited)",
				);
				GCC_WARN_64_TO_32_BIT_CONVERSION = YES;
				GCC_WARN_ABOUT_RETURN_TYPE = YES_ERROR;
				GCC_WARN_UNDECLARED_SELECTOR = YES;
				GCC_WARN_UNINITIALIZED_AUTOS = YES_AGGRESSIVE;
				GCC_WARN_UNUSED_FUNCTION = YES;
				GCC_WARN_UNUSED_VARIABLE = YES;
				LOCALIZATION_PREFERS_STRING_CATALOGS = YES;
				MACOSX_DEPLOYMENT_TARGET = 26.1;
				MTL_ENABLE_DEBUG_INFO = INCLUDE_SOURCE;
				MTL_FAST_MATH = YES;
				ONLY_ACTIVE_ARCH = YES;
				SDKROOT = macosx;
				SWIFT_ACTIVE_COMPILATION_CONDITIONS = "DEBUG $(inherited)";
				SWIFT_OPTIMIZATION_LEVEL = "-Onone";
			};
			name = Debug;
		};
		627F064C2EE0D3DD0047CDD8 /* Release */ = {
			isa = XCBuildConfiguration;
			buildSettings = {
				ALWAYS_SEARCH_USER_PATHS = NO;
				ASSETCATALOG_COMPILER_GENERATE_SWIFT_ASSET_SYMBOL_EXTENSIONS = YES;
				CLANG_ANALYZER_NONNULL = YES;
				CLANG_ANALYZER_NUMBER_OBJECT_CONVERSION = YES_AGGRESSIVE;
				CLANG_CXX_LANGUAGE_STANDARD = "gnu++20";
				CLANG_ENABLE_MODULES = YES;
				CLANG_ENABLE_OBJC_ARC = YES;
				CLANG_ENABLE_OBJC_WEAK = YES;
				CLANG_WARN_BLOCK_CAPTURE_AUTORELEASING = YES;
				CLANG_WARN_BOOL_CONVERSION = YES;
				CLANG_WARN_COMMA = YES;
				CLANG_WARN_CONSTANT_CONVERSION = YES;
				CLANG_WARN_DEPRECATED_OBJC_IMPLEMENTATIONS = YES;
				CLANG_WARN_DIRECT_OBJC_ISA_USAGE = YES_ERROR;
				CLANG_WARN_DOCUMENTATION_COMMENTS = YES;
				CLANG_WARN_EMPTY_BODY = YES;
				CLANG_WARN_ENUM_CONVERSION = YES;
				CLANG_WARN_INFINITE_RECURSION = YES;
				CLANG_WARN_INT_CONVERSION = YES;
				CLANG_WARN_NON_LITERAL_NULL_CONVERSION = YES;
				CLANG_WARN_OBJC_IMPLICIT_RETAIN_SELF = YES;
				CLANG_WARN_OBJC_LITERAL_CONVERSION = YES;
				CLANG_WARN_OBJC_ROOT_CLASS = YES_ERROR;
				CLANG_WARN_QUOTED_INCLUDE_IN_FRAMEWORK_HEADER = YES;
				CLANG_WARN_RANGE_LOOP_ANALYSIS = YES;
				CLANG_WARN_STRICT_PROTOTYPES = YES;
				CLANG_WARN_SUSPICIOUS_MOVE = YES;
				CLANG_WARN_UNGUARDED_AVAILABILITY = YES_AGGRESSIVE;
				CLANG_WARN_UNREACHABLE_CODE = YES;
				CLANG_WARN__DUPLICATE_METHOD_MATCH = YES;
				COPY_PHASE_STRIP = NO;
				DEBUG_INFORMATION_FORMAT = "dwarf-with-dsym";
				DEVELOPMENT_TEAM = R7W4NMR64S;
				ENABLE_NS_ASSERTIONS = NO;
				ENABLE_STRICT_OBJC_MSGSEND = YES;
				ENABLE_USER_SCRIPT_SANDBOXING = YES;
				GCC_C_LANGUAGE_STANDARD = gnu17;
				GCC_NO_COMMON_BLOCKS = YES;
				GCC_WARN_64_TO_32_BIT_CONVERSION = YES;
				GCC_WARN_ABOUT_RETURN_TYPE = YES_ERROR;
				GCC_WARN_UNDECLARED_SELECTOR = YES;
				GCC_WARN_UNINITIALIZED_AUTOS = YES_AGGRESSIVE;
				GCC_WARN_UNUSED_FUNCTION = YES;
				GCC_WARN_UNUSED_VARIABLE = YES;
				LOCALIZATION_PREFERS_STRING_CATALOGS = YES;
				MACOSX_DEPLOYMENT_TARGET = 26.1;
				MTL_ENABLE_DEBUG_INFO = NO;
				MTL_FAST_MATH = YES;
				SDKROOT = macosx;
				SWIFT_COMPILATION_MODE = wholemodule;
			};
			name = Release;
		};
		627F064E2EE0D3DD0047CDD8 /* Debug */ = {
			isa = XCBuildConfiguration;
			buildSettings = {
				ASSETCATALOG_COMPILER_APPICON_NAME = AppIcon;
				ASSETCATALOG_COMPILER_GLOBAL_ACCENT_COLOR_NAME = AccentColor;
				CODE_SIGN_STYLE = Automatic;
				COMBINE_HIDPI_IMAGES = YES;
				CURRENT_PROJECT_VERSION = 1;
				DEVELOPMENT_TEAM = R7W4NMR64S;
				ENABLE_APP_SANDBOX = YES;
				ENABLE_FILE_ACCESS_DOWNLOADS_FOLDER = readwrite;
				ENABLE_HARDENED_RUNTIME = YES;
				ENABLE_INCOMING_NETWORK_CONNECTIONS = YES;
				ENABLE_OUTGOING_NETWORK_CONNECTIONS = YES;
				ENABLE_PREVIEWS = YES;
				ENABLE_RESOURCE_ACCESS_AUDIO_INPUT = NO;
				ENABLE_RESOURCE_ACCESS_BLUETOOTH = NO;
				ENABLE_RESOURCE_ACCESS_CALENDARS = NO;
				ENABLE_RESOURCE_ACCESS_CAMERA = NO;
				ENABLE_RESOURCE_ACCESS_CONTACTS = NO;
				ENABLE_RESOURCE_ACCESS_LOCATION = NO;
				ENABLE_RESOURCE_ACCESS_PRINTING = NO;
				ENABLE_RESOURCE_ACCESS_USB = NO;
				ENABLE_USER_SELECTED_FILES = readwrite;
				GENERATE_INFOPLIST_FILE = YES;
				INFOPLIST_KEY_CFBundleDisplayName = "Atlas Tracer";
				INFOPLIST_KEY_NSHumanReadableCopyright = "";
				LD_RUNPATH_SEARCH_PATHS = (
					"$(inherited)",
					"@executable_path/../Frameworks",
				);
				MARKETING_VERSION = 1.0;
				PRODUCT_BUNDLE_IDENTIFIER = "com.maxvdec.Atlas-Tracer";
				PRODUCT_NAME = "$(TARGET_NAME)";
				REGISTER_APP_GROUPS = YES;
				STRING_CATALOG_GENERATE_SYMBOLS = YES;
				SWIFT_APPROACHABLE_CONCURRENCY = YES;
				SWIFT_DEFAULT_ACTOR_ISOLATION = MainActor;
				SWIFT_EMIT_LOC_STRINGS = YES;
				SWIFT_UPCOMING_FEATURE_MEMBER_IMPORT_VISIBILITY = YES;
				SWIFT_VERSION = 5.0;
			};
			name = Debug;
		};
		627F064F2EE0D3DD0047CDD8 /* Release */ = {
			isa = XCBuildConfiguration;
			buildSettings = {
				ASSETCATALOG_COMPILER_APPICON_NAME = AppIcon;
				ASSETCATALOG_COMPILER_GLOBAL_ACCENT_COLOR_NAME = AccentColor;
				CODE_SIGN_STYLE = Automatic;
				COMBINE_HIDPI_IMAGES = YES;
				CURRENT_PROJECT_VERSION = 1;
				DEVELOPMENT_TEAM = R7W4NMR64S;
				ENABLE_APP_SANDBOX = YES;
				ENABLE_FILE_ACCESS_DOWNLOADS_FOLDER = readwrite;
				ENABLE_HARDENED_RUNTIME = YES;
				ENABLE_INCOMING_NETWORK_CONNECTIONS = YES;
				ENABLE_OUTGOING_NETWORK_CONNECTIONS = YES;
				ENABLE_PREVIEWS = YES;
				ENABLE_RESOURCE_ACCESS_AUDIO_INPUT = NO;
				ENABLE_RESOURCE_ACCESS_BLUETOOTH = NO;
				ENABLE_RESOURCE_ACCESS_CALENDARS = NO;
				ENABLE_RESOURCE_ACCESS_CAMERA = NO;
				ENABLE_RESOURCE_ACCESS_CONTACTS = NO;
				ENABLE_RESOURCE_ACCESS_LOCATION = NO;
				ENABLE_RESOURCE_ACCESS_PRINTING = NO;
				ENABLE_RESOURCE_ACCESS_USB = NO;
				ENABLE_USER_SELECTED_FILES = readwrite;
				GENERATE_INFOPLIST_FILE = YES;
				INFOPLIST_KEY_CFBundleDisplayName = "Atlas Tracer";
				INFOPLIST_KEY_NSHumanReadableCopyright = "";
				LD_RUNPATH_SEARCH_PATHS = (
					"$(inherited)",
					"@executable_path/../Frameworks",
				);
				MARKETING_VERSION = 1.0;
				PRODUCT_BUNDLE_IDENTIFIER = "com.maxvdec.Atlas-Tracer";
				PRODUCT_NAME = "$(TARGET_NAME)";
				REGISTER_APP_GROUPS = YES;
				STRING_CATALOG_GENERATE_SYMBOLS = YES;
				SWIFT_APPROACHABLE_CONCURRENCY = YES;
				SWIFT_DEFAULT_ACTOR_ISOLATION = MainActor;
				SWIFT_EMIT_LOC_STRINGS = YES;
				SWIFT_UPCOMING_FEATURE_MEMBER_IMPORT_VISIBILITY = YES;
				SWIFT_VERSION = 5.0;
			};
			name = Release;
		};
		627F06512EE0D3DD0047CDD8 /* Debug */ = {
			isa = XCBuildConfiguration;
			buildSettings = {
				BUNDLE_LOADER = "$(TEST_HOST)";
				CODE_SIGN_STYLE = Automatic;
				CURRENT_PROJECT_VERSION = 1;
				DEVELOPMENT_TEAM = R7W4NMR64S;
				GENERATE_INFOPLIST_FILE = YES;
				MACOSX_DEPLOYMENT_TARGET = 26.1;
				MARKETING_VERSION = 1.0;
				PRODUCT_BUNDLE_IDENTIFIER = "com.maxvdec.Atlas-TracerTests";
				PRODUCT_NAME = "$(TARGET_NAME)";
				STRING_CATALOG_GENERATE_SYMBOLS = NO;
				SWIFT_APPROACHABLE_CONCURRENCY = YES;
				SWIFT_EMIT_LOC_STRINGS = NO;
				SWIFT_UPCOMING_FEATURE_MEMBER_IMPORT_VISIBILITY = YES;
				SWIFT_VERSION = 5.0;
				TEST_HOST = "$(BUILT_PRODUCTS_DIR)/Atlas Tracer.app/$(BUNDLE_EXECUTABLE_FOLDER_PATH)/Atlas Tracer";
			};
			name = Debug;
		};
		627F06522EE0D3DD0047CDD8 /* Release */ = {
			isa = XCBuildConfiguration;
			buildSettings = {
				BUNDLE_LOADER = "$(TEST_HOST)";
				CODE_SIGN_STYLE = Automatic;
				CURRENT_PROJECT_VERSION = 1;
				DEVELOPMENT_TEAM = R7W4NMR64S;
				GENERATE_INFOPLIST_FILE = YES;
				MACOSX_DEPLOYMENT_TARGET = 26.1;
				MARKETING_VERSION = 1.0;
				PRODUCT_BUNDLE_IDENTIFIER = "com.maxvdec.Atlas-TracerTests";
				PRODUCT_NAME = "$(TARGET_NAME)";
				STRING_CATALOG_GENERATE_SYMBOLS = NO;
				SWIFT_APPROACHABLE_CONCURRENCY = YES;
				SWIFT_EMIT_LOC_STRINGS = NO;
				SWIFT_UPCOMING_FEATURE_MEMBER_IMPORT_VISIBILITY = YES;
				SWIFT_VERSION = 5.0;
				TEST_HOST = "$(BUILT_PRODUCTS_DIR)/Atlas Tracer.app/$(BUNDLE_EXECUTABLE_FOLDER_PATH)/Atlas Tracer";
			};
			name = Release;
		};
		627F06542EE0D3DD0047CDD8 /* Debug */ = {
			isa = XCBuildConfiguration;
			buildSettings = {
				CODE_SIGN_STYLE = Automatic;
				CURRENT_PROJECT_VERSION = 1;
				DEVELOPMENT_TEAM = R7W4NMR64S;
				GENERATE_INFOPLIST_FILE = YES;
				MARKETING_VERSION = 1.0;
				PRODUCT_BUNDLE_IDENTIFIER = "com.maxvdec.Atlas-TracerUITests";
				PRODUCT_NAME = "$(TARGET_NAME)";
				STRING_CATALOG_GENERATE_SYMBOLS = NO;
				SWIFT_APPROACHABLE_CONCURRENCY = YES;
				SWIFT_EMIT_LOC_STRINGS = NO;
				SWIFT_UPCOMING_FEATURE_MEMBER_IMPORT_VISIBILITY = YES;
				SWIFT_VERSION = 5.0;
				TEST_TARGET_NAME = "Atlas Tracer";
			};
			name = Debug;
		};
		627F06552EE0D3DD0047CDD8 /* Release */ = {
			isa = XCBuildConfiguration;
			buildSettings = {
				CODE_SIGN_STYLE = Automatic;
				CURRENT_PROJECT_VERSION = 1;
				DEVELOPMENT_TEAM = R7W4NMR64S;
				GENERATE_INFOPLIST_FILE = YES;
				MARKETING_VERSION = 1.0;
				PRODUCT_BUNDLE_IDENTIFIER = "com.maxvdec.Atlas-TracerUITests";
				PRODUCT_NAME = "$(TARGET_NAME)";
				STRING_CATALOG_GENERATE_SYMBOLS = NO;
				SWIFT_APPROACHABLE_CONCURRENCY = YES;
				SWIFT_EMIT_LOC_STRINGS = NO;
				SWIFT_UPCOMING_FEATURE_MEMBER_IMPORT_VISIBILITY = YES;
				SWIFT_VERSION = 5.0;
				TEST_TARGET_NAME = "Atlas Tracer";
			};
			name = Release;
		};
/* End XCBuildConfiguration section */

/* Begin XCConfigurationList section */
		627F06272EE0D3DC0047CDD8 /* Build configuration list for PBXProject "Atlas Tracer" */ = {
			isa = XCConfigurationList;
			buildConfigurations = (
				627F064B2EE0D3DD0047CDD8 /* Debug */,
				627F064C2EE0D3DD0047CDD8 /* Release */,
			);
			defaultConfigurationIsVisible = 0;
			defaultConfigurationName = Release;
		};
		627F064D2EE0D3DD0047CDD8 /* Build configuration list for PBXNativeTarget "Atlas Tracer" */ = {
			isa = XCConfigurationList;
			buildConfigurations = (
				627F064E2EE0D3DD0047CDD8 /* Debug */,
				627F064F2EE0D3DD0047CDD8 /* Release */,
			);
			defaultConfigurationIsVisible = 0;
			defaultConfigurationName = Release;
		};
		627F06502EE0D3DD0047CDD8 /* Build configuration list for PBXNativeTarget "Atlas TracerTests" */ = {
			isa = XCConfigurationList;
			buildConfigurations = (
				627F06512EE0D3DD0047CDD8 /* Debug */,
				627F06522EE0D3DD0047CDD8 /* Release */,
			);
			defaultConfigurationIsVisible = 0;
			defaultConfigurationName = Release;
		};
		627F06532EE0D3DD0047CDD8 /* Build configuration list for PBXNativeTarget "Atlas TracerUITests" */ = {
			isa = XCConfigurationList;
			buildConfigurations = (
				627F06542EE0D3DD0047CDD8 /* Debug */,
				627F06552EE0D3DD0047CDD8 /* Release */,
			);
			defaultConfigurationIsVisible = 0;
			defaultConfigurationName = Release;
		};
/* End XCConfigurationList section */
	};
	rootObject = 627F06242EE0D3DC0047CDD8 /* Project object */;
}
